
Microsoft Visual Studio Solution File, Format Version 12.00
# Visual Studio Version 16
VisualStudioVersion = 16.6.30114.105
MinimumVisualStudioVersion = 10.0.40219.1
Project("{2150E333-8FDC-42A3-9474-1A3956D46DE8}") = "src", "src", "{4EC8B8F6-D607-4E4B-B70E-DD3D7DAC314F}"
EndProject
Project("{FAE04EC0-301F-11D3-BF4B-00C04F79EFBC}") = "BaseLibAPI", "src\BaseLibAPI\BaseLibAPI.csproj", "{5524ADFC-539C-43C7-8C40-E6ED7EE19D5C}"
EndProject
Project("{2150E333-8FDC-42A3-9474-1A3956D46DE8}") = "test", "test", "{7FADA99A-412E-469F-921C-9D532E56E520}"
EndProject
Project("{FAE04EC0-301F-11D3-BF4B-00C04F79EFBC}") = "BaseLibAPI.Tests", "test\BaseLibAPI.Tests\BaseLibAPI.Tests.csproj", "{EB84AA93-9794-4FD2-839B-24507C746CE0}"
EndProject
Global
	GlobalSection(SolutionConfigurationPlatforms) = preSolution
		Debug|Any CPU = Debug|Any CPU
		Debug|x64 = Debug|x64
		Debug|x86 = Debug|x86
		Release|Any CPU = Release|Any CPU
		Release|x64 = Release|x64
		Release|x86 = Release|x86
	EndGlobalSection
	GlobalSection(SolutionProperties) = preSolution
		HideSolutionNode = FALSE
	EndGlobalSection
	GlobalSection(ProjectConfigurationPlatforms) = postSolution
		{5524ADFC-539C-43C7-8C40-E6ED7EE19D5C}.Debug|Any CPU.ActiveCfg = Debug|Any CPU
		{5524ADFC-539C-43C7-8C40-E6ED7EE19D5C}.Debug|Any CPU.Build.0 = Debug|Any CPU
		{5524ADFC-539C-43C7-8C40-E6ED7EE19D5C}.Debug|x64.ActiveCfg = Debug|Any CPU
		{5524ADFC-539C-43C7-8C40-E6ED7EE19D5C}.Debug|x64.Build.0 = Debug|Any CPU
		{5524ADFC-539C-43C7-8C40-E6ED7EE19D5C}.Debug|x86.ActiveCfg = Debug|Any CPU
		{5524ADFC-539C-43C7-8C40-E6ED7EE19D5C}.Debug|x86.Build.0 = Debug|Any CPU
		{5524ADFC-539C-43C7-8C40-E6ED7EE19D5C}.Release|Any CPU.ActiveCfg = Release|Any CPU
		{5524ADFC-539C-43C7-8C40-E6ED7EE19D5C}.Release|Any CPU.Build.0 = Release|Any CPU
		{5524ADFC-539C-43C7-8C40-E6ED7EE19D5C}.Release|x64.ActiveCfg = Release|Any CPU
		{5524ADFC-539C-43C7-8C40-E6ED7EE19D5C}.Release|x64.Build.0 = Release|Any CPU
		{5524ADFC-539C-43C7-8C40-E6ED7EE19D5C}.Release|x86.ActiveCfg = Release|Any CPU
		{5524ADFC-539C-43C7-8C40-E6ED7EE19D5C}.Release|x86.Build.0 = Release|Any CPU
		{EB84AA93-9794-4FD2-839B-24507C746CE0}.Debug|Any CPU.ActiveCfg = Debug|Any CPU
		{EB84AA93-9794-4FD2-839B-24507C746CE0}.Debug|Any CPU.Build.0 = Debug|Any CPU
		{EB84AA93-9794-4FD2-839B-24507C746CE0}.Debug|x64.ActiveCfg = Debug|Any CPU
		{EB84AA93-9794-4FD2-839B-24507C746CE0}.Debug|x64.Build.0 = Debug|Any CPU
		{EB84AA93-9794-4FD2-839B-24507C746CE0}.Debug|x86.ActiveCfg = Debug|Any CPU
		{EB84AA93-9794-4FD2-839B-24507C746CE0}.Debug|x86.Build.0 = Debug|Any CPU
		{EB84AA93-9794-4FD2-839B-24507C746CE0}.Release|Any CPU.ActiveCfg = Release|Any CPU
		{EB84AA93-9794-4FD2-839B-24507C746CE0}.Release|Any CPU.Build.0 = Release|Any CPU
		{EB84AA93-9794-4FD2-839B-24507C746CE0}.Release|x64.ActiveCfg = Release|Any CPU
		{EB84AA93-9794-4FD2-839B-24507C746CE0}.Release|x64.Build.0 = Release|Any CPU
		{EB84AA93-9794-4FD2-839B-24507C746CE0}.Release|x86.ActiveCfg = Release|Any CPU
		{EB84AA93-9794-4FD2-839B-24507C746CE0}.Release|x86.Build.0 = Release|Any CPU
	EndGlobalSection
	GlobalSection(NestedProjects) = preSolution
		{5524ADFC-539C-43C7-8C40-E6ED7EE19D5C} = {4EC8B8F6-D607-4E4B-B70E-DD3D7DAC314F}
		{EB84AA93-9794-4FD2-839B-24507C746CE0} = {7FADA99A-412E-469F-921C-9D532E56E520}
	EndGlobalSection
EndGlobal
